Microsoft Visual Studio Solution File, Format Version 11.00
# Visual Studio 2008

Project("{9A6F45D7-FA33-A516-AC0F-ED5AB22CEC78}") = "P2 Networking", "Assembly-CSharp-firstpass.csproj", "{A9BF8418-8D10-214D-A3CA-6A21774DE076}"
EndProject
Project("{9A6F45D7-FA33-A516-AC0F-ED5AB22CEC78}") = "P2 Networking", "Assembly-CSharp.csproj", "{3507EF62-4481-5FC8-4D42-9D3FC6BBD098}"
EndProject
Project("{9A6F45D7-FA33-A516-AC0F-ED5AB22CEC78}") = "P2 Networking", "Assembly-CSharp-Editor.csproj", "{C61FC845-901E-21FA-49EE-7EA1165DB918}"
EndProject
Project("{9A6F45D7-FA33-A516-AC0F-ED5AB22CEC78}") = "P2 Networking", "Assembly-UnityScript.unityproj", "{52F94713-5607-498B-EC0C-EBC7CF983D36}"
EndProject
Global
	GlobalSection(SolutionConfigurationPlatforms) = preSolution
		Debug|Any CPU = Debug|Any CPU
		Release|Any CPU = Release|Any CPU
	EndGlobalSection
	GlobalSection(ProjectConfigurationPlatforms) = postSolution
		{A9BF8418-8D10-214D-A3CA-6A21774DE076}.Debug|Any CPU.ActiveCfg = Debug|Any CPU
		{A9BF8418-8D10-214D-A3CA-6A21774DE076}.Debug|Any CPU.Build.0 = Debug|Any CPU
		{A9BF8418-8D10-214D-A3CA-6A21774DE076}.Release|Any CPU.ActiveCfg = Release|Any CPU
		{A9BF8418-8D10-214D-A3CA-6A21774DE076}.Release|Any CPU.Build.0 = Release|Any CPU
		{3507EF62-4481-5FC8-4D42-9D3FC6BBD098}.Debug|Any CPU.ActiveCfg = Debug|Any CPU
		{3507EF62-4481-5FC8-4D42-9D3FC6BBD098}.Debug|Any CPU.Build.0 = Debug|Any CPU
		{3507EF62-4481-5FC8-4D42-9D3FC6BBD098}.Release|Any CPU.ActiveCfg = Release|Any CPU
		{3507EF62-4481-5FC8-4D42-9D3FC6BBD098}.Release|Any CPU.Build.0 = Release|Any CPU
		{C61FC845-901E-21FA-49EE-7EA1165DB918}.Debug|Any CPU.ActiveCfg = Debug|Any CPU
		{C61FC845-901E-21FA-49EE-7EA1165DB918}.Debug|Any CPU.Build.0 = Debug|Any CPU
		{C61FC845-901E-21FA-49EE-7EA1165DB918}.Release|Any CPU.ActiveCfg = Release|Any CPU
		{C61FC845-901E-21FA-49EE-7EA1165DB918}.Release|Any CPU.Build.0 = Release|Any CPU
		{52F94713-5607-498B-EC0C-EBC7CF983D36}.Debug|Any CPU.ActiveCfg = Debug|Any CPU
		{52F94713-5607-498B-EC0C-EBC7CF983D36}.Debug|Any CPU.Build.0 = Debug|Any CPU
		{52F94713-5607-498B-EC0C-EBC7CF983D36}.Release|Any CPU.ActiveCfg = Release|Any CPU
		{52F94713-5607-498B-EC0C-EBC7CF983D36}.Release|Any CPU.Build.0 = Release|Any CPU
	EndGlobalSection
	GlobalSection(SolutionProperties) = preSolution
		HideSolutionNode = FALSE
	EndGlobalSection
																																																																																																																																	GlobalSection(MonoDevelopProperties) = preSolution
		StartupItem = Assembly-CSharp.csproj
		Policies = $0
		$0.TextStylePolicy = $1
		$1.inheritsSet = null
		$1.scope = text/x-csharp
		$0.CSharpFormattingPolicy = $2
		$2.inheritsSet = Mono
		$2.inheritsScope = text/x-csharp
		$2.scope = text/x-csharp
		$0.TextStylePolicy = $3
		$3.FileWidth = 120
		$3.TabWidth = 4
		$3.EolMarker = Unix
		$3.inheritsSet = Mono
		$3.inheritsScope = text/plain
		$3.scope = text/plain
	EndGlobalSection

EndGlobal
